
Microsoft Visual Studio Solution File, Format Version 12.00
# Visual Studio 15
Project("{FAE04EC0-301F-11D3-BF4B-00C04F79EFBC}") = "Assembly-CSharp-firstpass", "Assembly-CSharp-firstpass.csproj", "{506C5AFE-361B-A43C-C576-B1201CADF7A3}"
EndProject
Project("{FAE04EC0-301F-11D3-BF4B-00C04F79EFBC}") = "Assembly-CSharp", "Assembly-CSharp.csproj", "{49D56856-E08D-2278-0C7D-1C34F3AD474F}"
EndProject
Project("{FAE04EC0-301F-11D3-BF4B-00C04F79EFBC}") = "Assembly-CSharp-Editor", "Assembly-CSharp-Editor.csproj", "{27E9770D-F5B9-70CB-C73D-D00A1DFAD6AF}"
EndProject
Global
	GlobalSection(SolutionConfigurationPlatforms) = preSolution
		Debug|Any CPU = Debug|Any CPU
		Release|Any CPU = Release|Any CPU
	EndGlobalSection
	GlobalSection(ProjectConfigurationPlatforms) = postSolution
		{506C5AFE-361B-A43C-C576-B1201CADF7A3}.Debug|Any CPU.ActiveCfg = Debug|Any CPU
		{506C5AFE-361B-A43C-C576-B1201CADF7A3}.Debug|Any CPU.Build.0 = Debug|Any CPU
		{506C5AFE-361B-A43C-C576-B1201CADF7A3}.Release|Any CPU.ActiveCfg = Release|Any CPU
		{506C5AFE-361B-A43C-C576-B1201CADF7A3}.Release|Any CPU.Build.0 = Release|Any CPU
		{49D56856-E08D-2278-0C7D-1C34F3AD474F}.Debug|Any CPU.ActiveCfg = Debug|Any CPU
		{49D56856-E08D-2278-0C7D-1C34F3AD474F}.Debug|Any CPU.Build.0 = Debug|Any CPU
		{49D56856-E08D-2278-0C7D-1C34F3AD474F}.Release|Any CPU.ActiveCfg = Release|Any CPU
		{49D56856-E08D-2278-0C7D-1C34F3AD474F}.Release|Any CPU.Build.0 = Release|Any CPU
		{27E9770D-F5B9-70CB-C73D-D00A1DFAD6AF}.Debug|Any CPU.ActiveCfg = Debug|Any CPU
		{27E9770D-F5B9-70CB-C73D-D00A1DFAD6AF}.Debug|Any CPU.Build.0 = Debug|Any CPU
		{27E9770D-F5B9-70CB-C73D-D00A1DFAD6AF}.Release|Any CPU.ActiveCfg = Release|Any CPU
		{27E9770D-F5B9-70CB-C73D-D00A1DFAD6AF}.Release|Any CPU.Build.0 = Release|Any CPU
	EndGlobalSection
	GlobalSection(SolutionProperties) = preSolution
		HideSolutionNode = FALSE
	EndGlobalSection
EndGlobal
